
Microsoft Visual Studio Solution File, Format Version 12.00
# Visual Studio Version 17
VisualStudioVersion = 17.1.32421.90
MinimumVisualStudioVersion = 10.0.40219.1
Project("{FAE04EC0-301F-11D3-BF4B-00C04F79EFBC}") = "2-Api", "2-Api\2-Api.csproj", "{4E9E12E2-F010-4A4B-92F8-DA427FF5473F}"
EndProject
Global
	GlobalSection(SolutionConfigurationPlatforms) = preSolution
		Debug|Any CPU = Debug|Any CPU
		Release|Any CPU = Release|Any CPU
	EndGlobalSection
	GlobalSection(ProjectConfigurationPlatforms) = postSolution
		{4E9E12E2-F010-4A4B-92F8-DA427FF5473F}.Debug|Any CPU.ActiveCfg = Debug|Any CPU
		{4E9E12E2-F010-4A4B-92F8-DA427FF5473F}.Debug|Any CPU.Build.0 = Debug|Any CPU
		{4E9E12E2-F010-4A4B-92F8-DA427FF5473F}.Release|Any CPU.ActiveCfg = Release|Any CPU
		{4E9E12E2-F010-4A4B-92F8-DA427FF5473F}.Release|Any CPU.Build.0 = Release|Any CPU
	EndGlobalSection
	GlobalSection(SolutionProperties) = preSolution
		HideSolutionNode = FALSE
	EndGlobalSection
	GlobalSection(ExtensibilityGlobals) = postSolution
		SolutionGuid = {C7B42A0A-54A3-4655-9B64-2191B776429B}
	EndGlobalSection
EndGlobal
